
Microsoft Visual Studio Solution File, Format Version 12.00
# Visual Studio 15
VisualStudioVersion = 15.0.26730.12
MinimumVisualStudioVersion = 10.0.40219.1
Project("{FAE04EC0-301F-11D3-BF4B-00C04F79EFBC}") = "ExtAuthNoIdentity", "ExtAuthNoIdentity\ExtAuthNoIdentity.csproj", "{27F955AF-CB45-48E4-81A7-AB97CFBCB30B}"
EndProject
Global
	GlobalSection(SolutionConfigurationPlatforms) = preSolution
		Debug|Any CPU = Debug|Any CPU
		Release|Any CPU = Release|Any CPU
	EndGlobalSection
	GlobalSection(ProjectConfigurationPlatforms) = postSolution
		{27F955AF-CB45-48E4-81A7-AB97CFBCB30B}.Debug|Any CPU.ActiveCfg = Debug|Any CPU
		{27F955AF-CB45-48E4-81A7-AB97CFBCB30B}.Debug|Any CPU.Build.0 = Debug|Any CPU
		{27F955AF-CB45-48E4-81A7-AB97CFBCB30B}.Release|Any CPU.ActiveCfg = Release|Any CPU
		{27F955AF-CB45-48E4-81A7-AB97CFBCB30B}.Release|Any CPU.Build.0 = Release|Any CPU
	EndGlobalSection
	GlobalSection(SolutionProperties) = preSolution
		HideSolutionNode = FALSE
	EndGlobalSection
	GlobalSection(ExtensibilityGlobals) = postSolution
		SolutionGuid = {FD89D53D-5555-4A4F-B042-3CF02B6A6E7D}
	EndGlobalSection
EndGlobal
